
Microsoft Visual Studio Solution File, Format Version 12.00
# Visual Studio Version 16
VisualStudioVersion = 16.0.32510.428
MinimumVisualStudioVersion = 10.0.40219.1
Project("{8BC9CEB8-8B4A-11D0-8D11-00A0C91BC942}") = "CppStateMachines", "CppStateMachines\CppStateMachines.vcxproj", "{500A7F90-07A2-4785-AC6F-36604AB73DEB}"
EndProject
Project("{8BC9CEB8-8B4A-11D0-8D11-00A0C91BC942}") = "TestCppStateMachines", "TestCppStateMachines\TestCppStateMachines.vcxproj", "{54C6438D-DA08-4AAE-9870-FD95537AA6F9}"
EndProject
Project("{2150E333-8FDC-42A3-9474-1A3956D46DE8}") = "Solution Items", "Solution Items", "{88F6C807-D248-4588-906E-655D817E3592}"
	ProjectSection(SolutionItems) = preProject
		README.md = README.md
	EndProjectSection
EndProject
Global
	GlobalSection(SolutionConfigurationPlatforms) = preSolution
		Debug|x64 = Debug|x64
		Debug|x86 = Debug|x86
		Release|x64 = Release|x64
		Release|x86 = Release|x86
	EndGlobalSection
	GlobalSection(ProjectConfigurationPlatforms) = postSolution
		{500A7F90-07A2-4785-AC6F-36604AB73DEB}.Debug|x64.ActiveCfg = Debug|x64
		{500A7F90-07A2-4785-AC6F-36604AB73DEB}.Debug|x64.Build.0 = Debug|x64
		{500A7F90-07A2-4785-AC6F-36604AB73DEB}.Debug|x86.ActiveCfg = Debug|Win32
		{500A7F90-07A2-4785-AC6F-36604AB73DEB}.Debug|x86.Build.0 = Debug|Win32
		{500A7F90-07A2-4785-AC6F-36604AB73DEB}.Release|x64.ActiveCfg = Release|x64
		{500A7F90-07A2-4785-AC6F-36604AB73DEB}.Release|x64.Build.0 = Release|x64
		{500A7F90-07A2-4785-AC6F-36604AB73DEB}.Release|x86.ActiveCfg = Release|Win32
		{500A7F90-07A2-4785-AC6F-36604AB73DEB}.Release|x86.Build.0 = Release|Win32
		{54C6438D-DA08-4AAE-9870-FD95537AA6F9}.Debug|x64.ActiveCfg = Debug|x64
		{54C6438D-DA08-4AAE-9870-FD95537AA6F9}.Debug|x64.Build.0 = Debug|x64
		{54C6438D-DA08-4AAE-9870-FD95537AA6F9}.Debug|x86.ActiveCfg = Debug|Win32
		{54C6438D-DA08-4AAE-9870-FD95537AA6F9}.Debug|x86.Build.0 = Debug|Win32
		{54C6438D-DA08-4AAE-9870-FD95537AA6F9}.Release|x64.ActiveCfg = Release|x64
		{54C6438D-DA08-4AAE-9870-FD95537AA6F9}.Release|x64.Build.0 = Release|x64
		{54C6438D-DA08-4AAE-9870-FD95537AA6F9}.Release|x86.ActiveCfg = Release|Win32
		{54C6438D-DA08-4AAE-9870-FD95537AA6F9}.Release|x86.Build.0 = Release|Win32
	EndGlobalSection
	GlobalSection(SolutionProperties) = preSolution
		HideSolutionNode = FALSE
	EndGlobalSection
	GlobalSection(ExtensibilityGlobals) = postSolution
		SolutionGuid = {8D72C6E9-497E-4DFB-905B-4DA30505C9A5}
	EndGlobalSection
EndGlobal
